
Microsoft Visual Studio Solution File, Format Version 12.00
# Visual Studio Version 17
VisualStudioVersion = 17.14.36518.9 d17.14
MinimumVisualStudioVersion = 10.0.40219.1
Project("{FAE04EC0-301F-11D3-BF4B-00C04F79EFBC}") = "WebTests", "WebTests\WebTests.csproj", "{71F8B140-6632-4C38-B8DA-A9F04CCF1352}"
EndProject
Global
	GlobalSection(SolutionConfigurationPlatforms) = preSolution
		Debug|Any CPU = Debug|Any CPU
		Release|Any CPU = Release|Any CPU
	EndGlobalSection
	GlobalSection(ProjectConfigurationPlatforms) = postSolution
		{71F8B140-6632-4C38-B8DA-A9F04CCF1352}.Debug|Any CPU.ActiveCfg = Debug|Any CPU
		{71F8B140-6632-4C38-B8DA-A9F04CCF1352}.Debug|Any CPU.Build.0 = Debug|Any CPU
		{71F8B140-6632-4C38-B8DA-A9F04CCF1352}.Release|Any CPU.ActiveCfg = Release|Any CPU
		{71F8B140-6632-4C38-B8DA-A9F04CCF1352}.Release|Any CPU.Build.0 = Release|Any CPU
	EndGlobalSection
	GlobalSection(SolutionProperties) = preSolution
		HideSolutionNode = FALSE
	EndGlobalSection
	GlobalSection(ExtensibilityGlobals) = postSolution
		SolutionGuid = {9523DBDF-41DB-45BC-A35E-FD33E08B10CE}
	EndGlobalSection
EndGlobal
