
Microsoft Visual Studio Solution File, Format Version 12.00
# Visual Studio Version 18
VisualStudioVersion = 18.0.11222.15 d18.0
MinimumVisualStudioVersion = 10.0.40219.1
Project("{FAE04EC0-301F-11D3-BF4B-00C04F79EFBC}") = "asp_net_core", "asp_net_core\asp_net_core.csproj", "{6A442A10-9393-423E-A583-3BA465972834}"
EndProject
Project("{E53339B2-1760-4266-BCC7-CA923CBCF16C}") = "docker-compose", "docker-compose.dcproj", "{81DDED9D-158B-E303-5F62-77A2896D2A5A}"
EndProject
Project("{FAE04EC0-301F-11D3-BF4B-00C04F79EFBC}") = "WebTests", "WebTest\WebTests\WebTests.csproj", "{B7D7C293-6BDE-FC0A-7471-4D6DB141C8AD}"
EndProject
Global
	GlobalSection(SolutionConfigurationPlatforms) = preSolution
		Debug|Any CPU = Debug|Any CPU
		Release|Any CPU = Release|Any CPU
	EndGlobalSection
	GlobalSection(ProjectConfigurationPlatforms) = postSolution
		{6A442A10-9393-423E-A583-3BA465972834}.Debug|Any CPU.ActiveCfg = Debug|Any CPU
		{6A442A10-9393-423E-A583-3BA465972834}.Debug|Any CPU.Build.0 = Debug|Any CPU
		{6A442A10-9393-423E-A583-3BA465972834}.Release|Any CPU.ActiveCfg = Release|Any CPU
		{6A442A10-9393-423E-A583-3BA465972834}.Release|Any CPU.Build.0 = Release|Any CPU
		{81DDED9D-158B-E303-5F62-77A2896D2A5A}.Debug|Any CPU.ActiveCfg = Debug|Any CPU
		{81DDED9D-158B-E303-5F62-77A2896D2A5A}.Debug|Any CPU.Build.0 = Debug|Any CPU
		{81DDED9D-158B-E303-5F62-77A2896D2A5A}.Release|Any CPU.ActiveCfg = Release|Any CPU
		{81DDED9D-158B-E303-5F62-77A2896D2A5A}.Release|Any CPU.Build.0 = Release|Any CPU
		{B7D7C293-6BDE-FC0A-7471-4D6DB141C8AD}.Debug|Any CPU.ActiveCfg = Debug|Any CPU
		{B7D7C293-6BDE-FC0A-7471-4D6DB141C8AD}.Debug|Any CPU.Build.0 = Debug|Any CPU
		{B7D7C293-6BDE-FC0A-7471-4D6DB141C8AD}.Release|Any CPU.ActiveCfg = Release|Any CPU
		{B7D7C293-6BDE-FC0A-7471-4D6DB141C8AD}.Release|Any CPU.Build.0 = Release|Any CPU
	EndGlobalSection
	GlobalSection(SolutionProperties) = preSolution
		HideSolutionNode = FALSE
	EndGlobalSection
	GlobalSection(ExtensibilityGlobals) = postSolution
		SolutionGuid = {AC452C1B-055D-44DF-95FA-9338510CC8DB}
	EndGlobalSection
EndGlobal
